// !$*UTF8*$!
{
	archiveVersion = 1;
	classes = {
	};
	objectVersion = 77;
	objects = {

/* Begin PBXBuildFile section */
		0B79BC44370E4DC12E1DF6F2 /* FleetFixture.swift in Sources */ = {isa = PBXBuildFile; fileRef = F6ADED52C1405844211F8A61 /* FleetFixture.swift */; };
		1B15538A24B9F3B15B0ADB37 /* WindowPostureTests.swift in Sources */ = {isa = PBXBuildFile; fileRef = 207CD4D6158054B1BF9A8D33 /* WindowPostureTests.swift */; };
		210FD44B5ECA7A8FD826986C /* ContentView.swift in Sources */ = {isa = PBXBuildFile; fileRef = BF72EEDFD1AF86FDD9632D9E /* ContentView.swift */; };
		21949B991F91E7A969FA9BA7 /* AdaptiveGrid.swift in Sources */ = {isa = PBXBuildFile; fileRef = 97D86CD4F49FFA19BE611731 /* AdaptiveGrid.swift */; };
		2F2E36933467B01C6C10E8C7 /* AdaptiveLayoutTests.swift in Sources */ = {isa = PBXBuildFile; fileRef = 825E767A5B8F59D13AE2592D /* AdaptiveLayoutTests.swift */; };
		413B1F78286CA4FA4D2F2B52 /* DeviceDetailView.swift in Sources */ = {isa = PBXBuildFile; fileRef = C648CF951134BD0F80F4E091 /* DeviceDetailView.swift */; };
		47B032560FF8FC8E7971CF6A /* WindowPosture.swift in Sources */ = {isa = PBXBuildFile; fileRef = 5C549761A2DF93824ACB90AF /* WindowPosture.swift */; };
		49746BC2BD46F0B3F7DED003 /* CalendarDate.swift in Sources */ = {isa = PBXBuildFile; fileRef = FC613F4B2E8CB94C434A0836 /* CalendarDate.swift */; };
		766F215A90909855D1933492 /* Fleet.swift in Sources */ = {isa = PBXBuildFile; fileRef = BF7DB665ACA20D441C5C3988 /* Fleet.swift */; };
		77B983E304DD38B3018C0F07 /* PostureReadout.swift in Sources */ = {isa = PBXBuildFile; fileRef = 9AD5B9F7A9B6BBD3E65D1946 /* PostureReadout.swift */; };
		77E17DC6A3BCE6CE7DFFE677 /* HyllaApp.swift in Sources */ = {isa = PBXBuildFile; fileRef = BCC2162C6EFA5ADAD0FAD5D5 /* HyllaApp.swift */; };
		9F68B4331B1370822031CABD /* FleetView.swift in Sources */ = {isa = PBXBuildFile; fileRef = DC3268A8D0E68715ACA57AA9 /* FleetView.swift */; };
		A6B70D3B35E8A4ABECA7DC08 /* FleetNavigationUITests.swift in Sources */ = {isa = PBXBuildFile; fileRef = C0F07D471FBE4ED98FF0753D /* FleetNavigationUITests.swift */; };
		AC7A1C008C4C47B00F6A2D77 /* FleetFixtureTests.swift in Sources */ = {isa = PBXBuildFile; fileRef = D2340C60F6F02D79C23EB35D /* FleetFixtureTests.swift */; };
		C4DFF5271D373B84AC0081DB /* AdaptiveLayout.swift in Sources */ = {isa = PBXBuildFile; fileRef = 80E586CDB047FC0E3C490866 /* AdaptiveLayout.swift */; };
		DAD8D594E69BE581F23F9FA8 /* devices.json in Resources */ = {isa = PBXBuildFile; fileRef = C766B65C2303EB4270D96C14 /* devices.json */; };
		F97C4017709BBD0EDA4DA059 /* Assets.xcassets in Resources */ = {isa = PBXBuildFile; fileRef = 625154AED9AE337CFF40CFBD /* Assets.xcassets */; };
		FFC76DBB5BF235F96814E745 /* FleetLabels.swift in Sources */ = {isa = PBXBuildFile; fileRef = 8C582CE67806106883217387 /* FleetLabels.swift */; };
		FFD11C178D517BEED105096D /* WindowPostureReader.swift in Sources */ = {isa = PBXBuildFile; fileRef = 42D8CF2C4341039DDB7E69AB /* WindowPostureReader.swift */; };
/* End PBXBuildFile section */

/* Begin PBXContainerItemProxy section */
		35251C9984758A54E080D84E /* PBXContainerItemProxy */ = {
			isa = PBXContainerItemProxy;
			containerPortal = 91482D6E0FC5DAFE393BF12D /* Project object */;
			proxyType = 1;
			remoteGlobalIDString = EE2B0DFA78D177A625716377;
			remoteInfo = Hylla;
		};
		44E7F1AE2B60F05760F774CB /* PBXContainerItemProxy */ = {
			isa = PBXContainerItemProxy;
			containerPortal = 91482D6E0FC5DAFE393BF12D /* Project object */;
			proxyType = 1;
			remoteGlobalIDString = EE2B0DFA78D177A625716377;
			remoteInfo = Hylla;
		};
/* End PBXContainerItemProxy section */

/* Begin PBXFileReference section */
		207CD4D6158054B1BF9A8D33 /* WindowPostureTests.swift */ = {isa = PBXFileReference; lastKnownFileType = sourcecode.swift; path = WindowPostureTests.swift; sourceTree = "<group>"; };
		42D8CF2C4341039DDB7E69AB /* WindowPostureReader.swift */ = {isa = PBXFileReference; lastKnownFileType = sourcecode.swift; path = WindowPostureReader.swift; sourceTree = "<group>"; };
		5C549761A2DF93824ACB90AF /* WindowPosture.swift */ = {isa = PBXFileReference; lastKnownFileType = sourcecode.swift; path = WindowPosture.swift; sourceTree = "<group>"; };
		625154AED9AE337CFF40CFBD /* Assets.xcassets */ = {isa = PBXFileReference; lastKnownFileType = folder.assetcatalog; path = Assets.xcassets; sourceTree = "<group>"; };
		725DF1C7FE5873B5483A7EBA /* Hylla.app */ = {isa = PBXFileReference; includeInIndex = 0; lastKnownFileType = wrapper.application; path = Hylla.app; sourceTree = BUILT_PRODUCTS_DIR; };
		80E586CDB047FC0E3C490866 /* AdaptiveLayout.swift */ = {isa = PBXFileReference; lastKnownFileType = sourcecode.swift; path = AdaptiveLayout.swift; sourceTree = "<group>"; };
		825E767A5B8F59D13AE2592D /* AdaptiveLayoutTests.swift */ = {isa = PBXFileReference; lastKnownFileType = sourcecode.swift; path = AdaptiveLayoutTests.swift; sourceTree = "<group>"; };
		8C582CE67806106883217387 /* FleetLabels.swift */ = {isa = PBXFileReference; lastKnownFileType = sourcecode.swift; path = FleetLabels.swift; sourceTree = "<group>"; };
		97D86CD4F49FFA19BE611731 /* AdaptiveGrid.swift */ = {isa = PBXFileReference; lastKnownFileType = sourcecode.swift; path = AdaptiveGrid.swift; sourceTree = "<group>"; };
		9AD5B9F7A9B6BBD3E65D1946 /* PostureReadout.swift */ = {isa = PBXFileReference; lastKnownFileType = sourcecode.swift; path = PostureReadout.swift; sourceTree = "<group>"; };
		A29E76F498B9456CC82DA6B4 /* HyllaTests.xctest */ = {isa = PBXFileReference; includeInIndex = 0; lastKnownFileType = wrapper.cfbundle; path = HyllaTests.xctest; sourceTree = BUILT_PRODUCTS_DIR; };
		BCC2162C6EFA5ADAD0FAD5D5 /* HyllaApp.swift */ = {isa = PBXFileReference; lastKnownFileType = sourcecode.swift; path = HyllaApp.swift; sourceTree = "<group>"; };
		BF72EEDFD1AF86FDD9632D9E /* ContentView.swift */ = {isa = PBXFileReference; lastKnownFileType = sourcecode.swift; path = ContentView.swift; sourceTree = "<group>"; };
		BF7DB665ACA20D441C5C3988 /* Fleet.swift */ = {isa = PBXFileReference; lastKnownFileType = sourcecode.swift; path = Fleet.swift; sourceTree = "<group>"; };
		C0F07D471FBE4ED98FF0753D /* FleetNavigationUITests.swift */ = {isa = PBXFileReference; lastKnownFileType = sourcecode.swift; path = FleetNavigationUITests.swift; sourceTree = "<group>"; };
		C648CF951134BD0F80F4E091 /* DeviceDetailView.swift */ = {isa = PBXFileReference; lastKnownFileType = sourcecode.swift; path = DeviceDetailView.swift; sourceTree = "<group>"; };
		C766B65C2303EB4270D96C14 /* devices.json */ = {isa = PBXFileReference; lastKnownFileType = text.json; path = devices.json; sourceTree = "<group>"; };
		CBC39601BE77E6CCBA48D616 /* HyllaUITests.xctest */ = {isa = PBXFileReference; includeInIndex = 0; lastKnownFileType = wrapper.cfbundle; path = HyllaUITests.xctest; sourceTree = BUILT_PRODUCTS_DIR; };
		D2340C60F6F02D79C23EB35D /* FleetFixtureTests.swift */ = {isa = PBXFileReference; lastKnownFileType = sourcecode.swift; path = FleetFixtureTests.swift; sourceTree = "<group>"; };
		DC3268A8D0E68715ACA57AA9 /* FleetView.swift */ = {isa = PBXFileReference; lastKnownFileType = sourcecode.swift; path = FleetView.swift; sourceTree = "<group>"; };
		F6ADED52C1405844211F8A61 /* FleetFixture.swift */ = {isa = PBXFileReference; lastKnownFileType = sourcecode.swift; path = FleetFixture.swift; sourceTree = "<group>"; };
		FC613F4B2E8CB94C434A0836 /* CalendarDate.swift */ = {isa = PBXFileReference; lastKnownFileType = sourcecode.swift; path = CalendarDate.swift; sourceTree = "<group>"; };
/* End PBXFileReference section */

/* Begin PBXGroup section */
		128DD795245684A38F7E5AF2 /* Hylla */ = {
			isa = PBXGroup;
			children = (
				B22A1FAACBA80C04DF154533 /* fixtures */,
			);
			name = Hylla;
			path = ..;
			sourceTree = "<group>";
		};
		2F6FCF56E12E702037768CCD /* Fleet */ = {
			isa = PBXGroup;
			children = (
				FC613F4B2E8CB94C434A0836 /* CalendarDate.swift */,
				BF7DB665ACA20D441C5C3988 /* Fleet.swift */,
				F6ADED52C1405844211F8A61 /* FleetFixture.swift */,
				8C582CE67806106883217387 /* FleetLabels.swift */,
			);
			path = Fleet;
			sourceTree = "<group>";
		};
		39C2A80B657D885D297036F0 /* Screens */ = {
			isa = PBXGroup;
			children = (
				C648CF951134BD0F80F4E091 /* DeviceDetailView.swift */,
				DC3268A8D0E68715ACA57AA9 /* FleetView.swift */,
			);
			path = Screens;
			sourceTree = "<group>";
		};
		54BEFBE2C8943EF36132D4AE = {
			isa = PBXGroup;
			children = (
				93CDA30024B7496C9921014F /* Hylla */,
				128DD795245684A38F7E5AF2 /* Hylla */,
				7298A18CE3BA5A61BD5D71C4 /* HyllaTests */,
				F150055588D12D9881CFB9A2 /* HyllaUITests */,
				6759A97866CB578BC8BC479D /* Products */,
			);
			sourceTree = "<group>";
		};
		6759A97866CB578BC8BC479D /* Products */ = {
			isa = PBXGroup;
			children = (
				725DF1C7FE5873B5483A7EBA /* Hylla.app */,
				A29E76F498B9456CC82DA6B4 /* HyllaTests.xctest */,
				CBC39601BE77E6CCBA48D616 /* HyllaUITests.xctest */,
			);
			name = Products;
			sourceTree = "<group>";
		};
		7298A18CE3BA5A61BD5D71C4 /* HyllaTests */ = {
			isa = PBXGroup;
			children = (
				825E767A5B8F59D13AE2592D /* AdaptiveLayoutTests.swift */,
				D2340C60F6F02D79C23EB35D /* FleetFixtureTests.swift */,
				207CD4D6158054B1BF9A8D33 /* WindowPostureTests.swift */,
			);
			path = HyllaTests;
			sourceTree = "<group>";
		};
		93CDA30024B7496C9921014F /* Hylla */ = {
			isa = PBXGroup;
			children = (
				625154AED9AE337CFF40CFBD /* Assets.xcassets */,
				BF72EEDFD1AF86FDD9632D9E /* ContentView.swift */,
				BCC2162C6EFA5ADAD0FAD5D5 /* HyllaApp.swift */,
				2F6FCF56E12E702037768CCD /* Fleet */,
				DE9FAB16EF512A61A5F6E215 /* Layout */,
				B3449A7CCCEE7D350E621F50 /* Posture */,
				39C2A80B657D885D297036F0 /* Screens */,
			);
			path = Hylla;
			sourceTree = "<group>";
		};
		B22A1FAACBA80C04DF154533 /* fixtures */ = {
			isa = PBXGroup;
			children = (
				C766B65C2303EB4270D96C14 /* devices.json */,
			);
			path = fixtures;
			sourceTree = "<group>";
		};
		B3449A7CCCEE7D350E621F50 /* Posture */ = {
			isa = PBXGroup;
			children = (
				9AD5B9F7A9B6BBD3E65D1946 /* PostureReadout.swift */,
				5C549761A2DF93824ACB90AF /* WindowPosture.swift */,
				42D8CF2C4341039DDB7E69AB /* WindowPostureReader.swift */,
			);
			path = Posture;
			sourceTree = "<group>";
		};
		DE9FAB16EF512A61A5F6E215 /* Layout */ = {
			isa = PBXGroup;
			children = (
				97D86CD4F49FFA19BE611731 /* AdaptiveGrid.swift */,
				80E586CDB047FC0E3C490866 /* AdaptiveLayout.swift */,
			);
			path = Layout;
			sourceTree = "<group>";
		};
		F150055588D12D9881CFB9A2 /* HyllaUITests */ = {
			isa = PBXGroup;
			children = (
				C0F07D471FBE4ED98FF0753D /* FleetNavigationUITests.swift */,
			);
			path = HyllaUITests;
			sourceTree = "<group>";
		};
/* End PBXGroup section */

/* Begin PBXNativeTarget section */
		7E766E686C58C20D46CB177B /* HyllaUITests */ = {
			isa = PBXNativeTarget;
			buildConfigurationList = 292661125E3CEBDACE8376FA /* Build configuration list for PBXNativeTarget "HyllaUITests" */;
			buildPhases = (
				9B04F577F792E82846F3A82E /* Sources */,
			);
			buildRules = (
			);
			dependencies = (
				0A568D37465706A891BADCB8 /* PBXTargetDependency */,
			);
			name = HyllaUITests;
			packageProductDependencies = (
			);
			productName = HyllaUITests;
			productReference = CBC39601BE77E6CCBA48D616 /* HyllaUITests.xctest */;
			productType = "com.apple.product-type.bundle.ui-testing";
		};
		7FB0CC7F0297044A480ECC48 /* HyllaTests */ = {
			isa = PBXNativeTarget;
			buildConfigurationList = 4AEED0CD027C5F1FB027F96F /* Build configuration list for PBXNativeTarget "HyllaTests" */;
			buildPhases = (
				99BFFE27997E400BFE3055BF /* Sources */,
			);
			buildRules = (
			);
			dependencies = (
				5040D59D9A5852CD7C521A38 /* PBXTargetDependency */,
			);
			name = HyllaTests;
			packageProductDependencies = (
			);
			productName = HyllaTests;
			productReference = A29E76F498B9456CC82DA6B4 /* HyllaTests.xctest */;
			productType = "com.apple.product-type.bundle.unit-test";
		};
		EE2B0DFA78D177A625716377 /* Hylla */ = {
			isa = PBXNativeTarget;
			buildConfigurationList = 38B900BBEF834E6FCB9A31A5 /* Build configuration list for PBXNativeTarget "Hylla" */;
			buildPhases = (
				B52382A82A63FC910B504299 /* Sources */,
				EF7B7173E306DE8A08832E84 /* Resources */,
			);
			buildRules = (
			);
			dependencies = (
			);
			name = Hylla;
			packageProductDependencies = (
			);
			productName = Hylla;
			productReference = 725DF1C7FE5873B5483A7EBA /* Hylla.app */;
			productType = "com.apple.product-type.application";
		};
/* End PBXNativeTarget section */

/* Begin PBXProject section */
		91482D6E0FC5DAFE393BF12D /* Project object */ = {
			isa = PBXProject;
			attributes = {
				BuildIndependentTargetsInParallel = YES;
				LastUpgradeCheck = 1430;
				TargetAttributes = {
					7E766E686C58C20D46CB177B = {
						DevelopmentTeam = "";
						TestTargetID = EE2B0DFA78D177A625716377;
					};
					7FB0CC7F0297044A480ECC48 = {
						DevelopmentTeam = "";
					};
					EE2B0DFA78D177A625716377 = {
						DevelopmentTeam = "";
						ProvisioningStyle = Automatic;
					};
				};
			};
			buildConfigurationList = 16F0EB9941A3B32E2503F0D2 /* Build configuration list for PBXProject "Hylla" */;
			developmentRegion = en;
			hasScannedForEncodings = 0;
			knownRegions = (
				Base,
				en,
			);
			mainGroup = 54BEFBE2C8943EF36132D4AE;
			minimizedProjectReferenceProxies = 1;
			preferredProjectObjectVersion = 77;
			productRefGroup = 6759A97866CB578BC8BC479D /* Products */;
			projectDirPath = "";
			projectRoot = "";
			targets = (
				EE2B0DFA78D177A625716377 /* Hylla */,
				7FB0CC7F0297044A480ECC48 /* HyllaTests */,
				7E766E686C58C20D46CB177B /* HyllaUITests */,
			);
		};
/* End PBXProject section */

/* Begin PBXResourcesBuildPhase section */
		EF7B7173E306DE8A08832E84 /* Resources */ = {
			isa = PBXResourcesBuildPhase;
			buildActionMask = 2147483647;
			files = (
				F97C4017709BBD0EDA4DA059 /* Assets.xcassets in Resources */,
				DAD8D594E69BE581F23F9FA8 /* devices.json in Resources */,
			);
			runOnlyForDeploymentPostprocessing = 0;
		};
/* End PBXResourcesBuildPhase section */

/* Begin PBXSourcesBuildPhase section */
		99BFFE27997E400BFE3055BF /* Sources */ = {
			isa = PBXSourcesBuildPhase;
			buildActionMask = 2147483647;
			files = (
				2F2E36933467B01C6C10E8C7 /* AdaptiveLayoutTests.swift in Sources */,
				AC7A1C008C4C47B00F6A2D77 /* FleetFixtureTests.swift in Sources */,
				1B15538A24B9F3B15B0ADB37 /* WindowPostureTests.swift in Sources */,
			);
			runOnlyForDeploymentPostprocessing = 0;
		};
		9B04F577F792E82846F3A82E /* Sources */ = {
			isa = PBXSourcesBuildPhase;
			buildActionMask = 2147483647;
			files = (
				A6B70D3B35E8A4ABECA7DC08 /* FleetNavigationUITests.swift in Sources */,
			);
			runOnlyForDeploymentPostprocessing = 0;
		};
		B52382A82A63FC910B504299 /* Sources */ = {
			isa = PBXSourcesBuildPhase;
			buildActionMask = 2147483647;
			files = (
				21949B991F91E7A969FA9BA7 /* AdaptiveGrid.swift in Sources */,
				C4DFF5271D373B84AC0081DB /* AdaptiveLayout.swift in Sources */,
				49746BC2BD46F0B3F7DED003 /* CalendarDate.swift in Sources */,
				210FD44B5ECA7A8FD826986C /* ContentView.swift in Sources */,
				413B1F78286CA4FA4D2F2B52 /* DeviceDetailView.swift in Sources */,
				766F215A90909855D1933492 /* Fleet.swift in Sources */,
				0B79BC44370E4DC12E1DF6F2 /* FleetFixture.swift in Sources */,
				FFC76DBB5BF235F96814E745 /* FleetLabels.swift in Sources */,
				9F68B4331B1370822031CABD /* FleetView.swift in Sources */,
				77E17DC6A3BCE6CE7DFFE677 /* HyllaApp.swift in Sources */,
				77B983E304DD38B3018C0F07 /* PostureReadout.swift in Sources */,
				47B032560FF8FC8E7971CF6A /* WindowPosture.swift in Sources */,
				FFD11C178D517BEED105096D /* WindowPostureReader.swift in Sources */,
			);
			runOnlyForDeploymentPostprocessing = 0;
		};
/* End PBXSourcesBuildPhase section */

/* Begin PBXTargetDependency section */
		0A568D37465706A891BADCB8 /* PBXTargetDependency */ = {
			isa = PBXTargetDependency;
			target = EE2B0DFA78D177A625716377 /* Hylla */;
			targetProxy = 44E7F1AE2B60F05760F774CB /* PBXContainerItemProxy */;
		};
		5040D59D9A5852CD7C521A38 /* PBXTargetDependency */ = {
			isa = PBXTargetDependency;
			target = EE2B0DFA78D177A625716377 /* Hylla */;
			targetProxy = 35251C9984758A54E080D84E /* PBXContainerItemProxy */;
		};
/* End PBXTargetDependency section */

/* Begin XCBuildConfiguration section */
		27EFA66C0862D32D5503F93C /* Release */ = {
			isa = XCBuildConfiguration;
			buildSettings = {
				BUNDLE_LOADER = "$(TEST_HOST)";
				GENERATE_INFOPLIST_FILE = YES;
				LD_RUNPATH_SEARCH_PATHS = (
					"$(inherited)",
					"@executable_path/Frameworks",
					"@loader_path/Frameworks",
				);
				PRODUCT_BUNDLE_IDENTIFIER = com.umain.hylla.uitests;
				SDKROOT = iphoneos;
				TARGETED_DEVICE_FAMILY = "1,2";
				TEST_TARGET_NAME = Hylla;
			};
			name = Release;
		};
		663B4C272DE1AF38D2F6EA16 /* Debug */ = {
			isa = XCBuildConfiguration;
			buildSettings = {
				BUNDLE_LOADER = "$(TEST_HOST)";
				GENERATE_INFOPLIST_FILE = YES;
				LD_RUNPATH_SEARCH_PATHS = (
					"$(inherited)",
					"@executable_path/Frameworks",
					"@loader_path/Frameworks",
				);
				PRODUCT_BUNDLE_IDENTIFIER = com.umain.hylla.uitests;
				SDKROOT = iphoneos;
				TARGETED_DEVICE_FAMILY = "1,2";
				TEST_TARGET_NAME = Hylla;
			};
			name = Debug;
		};
		895D9A46EEBEB8E255C43C81 /* Release */ = {
			isa = XCBuildConfiguration;
			buildSettings = {
				ASSETCATALOG_COMPILER_APPICON_NAME = AppIcon;
				CODE_SIGN_IDENTITY = "iPhone Developer";
				CODE_SIGN_STYLE = Automatic;
				CURRENT_PROJECT_VERSION = 1;
				GENERATE_INFOPLIST_FILE = YES;
				INFOPLIST_KEY_CFBundleDisplayName = Hylla;
				INFOPLIST_KEY_UIApplicationSceneManifest_Generation = YES;
				INFOPLIST_KEY_UILaunchScreen_Generation = YES;
				INFOPLIST_KEY_UISupportedInterfaceOrientations = "UIInterfaceOrientationPortrait UIInterfaceOrientationLandscapeLeft UIInterfaceOrientationLandscapeRight UIInterfaceOrientationPortraitUpsideDown";
				LD_RUNPATH_SEARCH_PATHS = (
					"$(inherited)",
					"@executable_path/Frameworks",
				);
				MARKETING_VERSION = 0.1.0;
				PRODUCT_BUNDLE_IDENTIFIER = com.umain.hylla;
				PRODUCT_NAME = Hylla;
				SDKROOT = iphoneos;
				TARGETED_DEVICE_FAMILY = "1,2";
			};
			name = Release;
		};
		8D5CC857FD19FE9A684A03F2 /* Debug */ = {
			isa = XCBuildConfiguration;
			buildSettings = {
				ALWAYS_SEARCH_USER_PATHS = NO;
				CLANG_ANALYZER_NONNULL = YES;
				CLANG_ANALYZER_NUMBER_OBJECT_CONVERSION = YES_AGGRESSIVE;
				CLANG_CXX_LANGUAGE_STANDARD = "gnu++14";
				CLANG_CXX_LIBRARY = "libc++";
				CLANG_ENABLE_MODULES = YES;
				CLANG_ENABLE_OBJC_ARC = YES;
				CLANG_ENABLE_OBJC_WEAK = YES;
				CLANG_WARN_BLOCK_CAPTURE_AUTORELEASING = YES;
				CLANG_WARN_BOOL_CONVERSION = YES;
				CLANG_WARN_COMMA = YES;
				CLANG_WARN_CONSTANT_CONVERSION = YES;
				CLANG_WARN_DEPRECATED_OBJC_IMPLEMENTATIONS = YES;
				CLANG_WARN_DIRECT_OBJC_ISA_USAGE = YES_ERROR;
				CLANG_WARN_DOCUMENTATION_COMMENTS = YES;
				CLANG_WARN_EMPTY_BODY = YES;
				CLANG_WARN_ENUM_CONVERSION = YES;
				CLANG_WARN_INFINITE_RECURSION = YES;
				CLANG_WARN_INT_CONVERSION = YES;
				CLANG_WARN_NON_LITERAL_NULL_CONVERSION = YES;
				CLANG_WARN_OBJC_IMPLICIT_RETAIN_SELF = YES;
				CLANG_WARN_OBJC_LITERAL_CONVERSION = YES;
				CLANG_WARN_OBJC_ROOT_CLASS = YES_ERROR;
				CLANG_WARN_QUOTED_INCLUDE_IN_FRAMEWORK_HEADER = YES;
				CLANG_WARN_RANGE_LOOP_ANALYSIS = YES;
				CLANG_WARN_STRICT_PROTOTYPES = YES;
				CLANG_WARN_SUSPICIOUS_MOVE = YES;
				CLANG_WARN_UNGUARDED_AVAILABILITY = YES_AGGRESSIVE;
				CLANG_WARN_UNREACHABLE_CODE = YES;
				CLANG_WARN__DUPLICATE_METHOD_MATCH = YES;
				COPY_PHASE_STRIP = NO;
				DEBUG_INFORMATION_FORMAT = dwarf;
				DEVELOPMENT_TEAM = "";
				ENABLE_STRICT_OBJC_MSGSEND = YES;
				ENABLE_TESTABILITY = YES;
				GCC_C_LANGUAGE_STANDARD = gnu11;
				GCC_DYNAMIC_NO_PIC = NO;
				GCC_NO_COMMON_BLOCKS = YES;
				GCC_OPTIMIZATION_LEVEL = 0;
				GCC_PREPROCESSOR_DEFINITIONS = (
					"$(inherited)",
					"DEBUG=1",
				);
				GCC_WARN_64_TO_32_BIT_CONVERSION = YES;
				GCC_WARN_ABOUT_RETURN_TYPE = YES_ERROR;
				GCC_WARN_UNDECLARED_SELECTOR = YES;
				GCC_WARN_UNINITIALIZED_AUTOS = YES_AGGRESSIVE;
				GCC_WARN_UNUSED_FUNCTION = YES;
				GCC_WARN_UNUSED_VARIABLE = YES;
				IPHONEOS_DEPLOYMENT_TARGET = 18.0;
				MTL_ENABLE_DEBUG_INFO = INCLUDE_SOURCE;
				MTL_FAST_MATH = YES;
				ONLY_ACTIVE_ARCH = YES;
				PRODUCT_NAME = "$(TARGET_NAME)";
				SDKROOT = iphoneos;
				SWIFT_ACTIVE_COMPILATION_CONDITIONS = DEBUG;
				SWIFT_OPTIMIZATION_LEVEL = "-Onone";
				SWIFT_STRICT_CONCURRENCY = complete;
				SWIFT_VERSION = 6.0;
			};
			name = Debug;
		};
		976BF24590F815E6763023BB /* Release */ = {
			isa = XCBuildConfiguration;
			buildSettings = {
				BUNDLE_LOADER = "$(TEST_HOST)";
				GENERATE_INFOPLIST_FILE = YES;
				LD_RUNPATH_SEARCH_PATHS = (
					"$(inherited)",
					"@executable_path/Frameworks",
					"@loader_path/Frameworks",
				);
				PRODUCT_BUNDLE_IDENTIFIER = com.umain.hylla.tests;
				SDKROOT = iphoneos;
				TARGETED_DEVICE_FAMILY = "1,2";
				TEST_HOST = "$(BUILT_PRODUCTS_DIR)/Hylla.app/Hylla";
			};
			name = Release;
		};
		C8EB08207583197495EBCF67 /* Release */ = {
			isa = XCBuildConfiguration;
			buildSettings = {
				ALWAYS_SEARCH_USER_PATHS = NO;
				CLANG_ANALYZER_NONNULL = YES;
				CLANG_ANALYZER_NUMBER_OBJECT_CONVERSION = YES_AGGRESSIVE;
				CLANG_CXX_LANGUAGE_STANDARD = "gnu++14";
				CLANG_CXX_LIBRARY = "libc++";
				CLANG_ENABLE_MODULES = YES;
				CLANG_ENABLE_OBJC_ARC = YES;
				CLANG_ENABLE_OBJC_WEAK = YES;
				CLANG_WARN_BLOCK_CAPTURE_AUTORELEASING = YES;
				CLANG_WARN_BOOL_CONVERSION = YES;
				CLANG_WARN_COMMA = YES;
				CLANG_WARN_CONSTANT_CONVERSION = YES;
				CLANG_WARN_DEPRECATED_OBJC_IMPLEMENTATIONS = YES;
				CLANG_WARN_DIRECT_OBJC_ISA_USAGE = YES_ERROR;
				CLANG_WARN_DOCUMENTATION_COMMENTS = YES;
				CLANG_WARN_EMPTY_BODY = YES;
				CLANG_WARN_ENUM_CONVERSION = YES;
				CLANG_WARN_INFINITE_RECURSION = YES;
				CLANG_WARN_INT_CONVERSION = YES;
				CLANG_WARN_NON_LITERAL_NULL_CONVERSION = YES;
				CLANG_WARN_OBJC_IMPLICIT_RETAIN_SELF = YES;
				CLANG_WARN_OBJC_LITERAL_CONVERSION = YES;
				CLANG_WARN_OBJC_ROOT_CLASS = YES_ERROR;
				CLANG_WARN_QUOTED_INCLUDE_IN_FRAMEWORK_HEADER = YES;
				CLANG_WARN_RANGE_LOOP_ANALYSIS = YES;
				CLANG_WARN_STRICT_PROTOTYPES = YES;
				CLANG_WARN_SUSPICIOUS_MOVE = YES;
				CLANG_WARN_UNGUARDED_AVAILABILITY = YES_AGGRESSIVE;
				CLANG_WARN_UNREACHABLE_CODE = YES;
				CLANG_WARN__DUPLICATE_METHOD_MATCH = YES;
				COPY_PHASE_STRIP = NO;
				DEBUG_INFORMATION_FORMAT = "dwarf-with-dsym";
				DEVELOPMENT_TEAM = "";
				ENABLE_NS_ASSERTIONS = NO;
				ENABLE_STRICT_OBJC_MSGSEND = YES;
				GCC_C_LANGUAGE_STANDARD = gnu11;
				GCC_NO_COMMON_BLOCKS = YES;
				GCC_WARN_64_TO_32_BIT_CONVERSION = YES;
				GCC_WARN_ABOUT_RETURN_TYPE = YES_ERROR;
				GCC_WARN_UNDECLARED_SELECTOR = YES;
				GCC_WARN_UNINITIALIZED_AUTOS = YES_AGGRESSIVE;
				GCC_WARN_UNUSED_FUNCTION = YES;
				GCC_WARN_UNUSED_VARIABLE = YES;
				IPHONEOS_DEPLOYMENT_TARGET = 18.0;
				MTL_ENABLE_DEBUG_INFO = NO;
				MTL_FAST_MATH = YES;
				PRODUCT_NAME = "$(TARGET_NAME)";
				SDKROOT = iphoneos;
				SWIFT_COMPILATION_MODE = wholemodule;
				SWIFT_OPTIMIZATION_LEVEL = "-O";
				SWIFT_STRICT_CONCURRENCY = complete;
				SWIFT_VERSION = 6.0;
			};
			name = Release;
		};
		EA4BC4BD4722D314B29EF5BB /* Debug */ = {
			isa = XCBuildConfiguration;
			buildSettings = {
				BUNDLE_LOADER = "$(TEST_HOST)";
				GENERATE_INFOPLIST_FILE = YES;
				LD_RUNPATH_SEARCH_PATHS = (
					"$(inherited)",
					"@executable_path/Frameworks",
					"@loader_path/Frameworks",
				);
				PRODUCT_BUNDLE_IDENTIFIER = com.umain.hylla.tests;
				SDKROOT = iphoneos;
				TARGETED_DEVICE_FAMILY = "1,2";
				TEST_HOST = "$(BUILT_PRODUCTS_DIR)/Hylla.app/Hylla";
			};
			name = Debug;
		};
		F4D6A144F462D1B592BEA1AE /* Debug */ = {
			isa = XCBuildConfiguration;
			buildSettings = {
				ASSETCATALOG_COMPILER_APPICON_NAME = AppIcon;
				CODE_SIGN_IDENTITY = "iPhone Developer";
				CODE_SIGN_STYLE = Automatic;
				CURRENT_PROJECT_VERSION = 1;
				GENERATE_INFOPLIST_FILE = YES;
				INFOPLIST_KEY_CFBundleDisplayName = Hylla;
				INFOPLIST_KEY_UIApplicationSceneManifest_Generation = YES;
				INFOPLIST_KEY_UILaunchScreen_Generation = YES;
				INFOPLIST_KEY_UISupportedInterfaceOrientations = "UIInterfaceOrientationPortrait UIInterfaceOrientationLandscapeLeft UIInterfaceOrientationLandscapeRight UIInterfaceOrientationPortraitUpsideDown";
				LD_RUNPATH_SEARCH_PATHS = (
					"$(inherited)",
					"@executable_path/Frameworks",
				);
				MARKETING_VERSION = 0.1.0;
				PRODUCT_BUNDLE_IDENTIFIER = com.umain.hylla;
				PRODUCT_NAME = Hylla;
				SDKROOT = iphoneos;
				TARGETED_DEVICE_FAMILY = "1,2";
			};
			name = Debug;
		};
/* End XCBuildConfiguration section */

/* Begin XCConfigurationList section */
		16F0EB9941A3B32E2503F0D2 /* Build configuration list for PBXProject "Hylla" */ = {
			isa = XCConfigurationList;
			buildConfigurations = (
				8D5CC857FD19FE9A684A03F2 /* Debug */,
				C8EB08207583197495EBCF67 /* Release */,
			);
			defaultConfigurationIsVisible = 0;
			defaultConfigurationName = Debug;
		};
		292661125E3CEBDACE8376FA /* Build configuration list for PBXNativeTarget "HyllaUITests" */ = {
			isa = XCConfigurationList;
			buildConfigurations = (
				663B4C272DE1AF38D2F6EA16 /* Debug */,
				27EFA66C0862D32D5503F93C /* Release */,
			);
			defaultConfigurationIsVisible = 0;
			defaultConfigurationName = Debug;
		};
		38B900BBEF834E6FCB9A31A5 /* Build configuration list for PBXNativeTarget "Hylla" */ = {
			isa = XCConfigurationList;
			buildConfigurations = (
				F4D6A144F462D1B592BEA1AE /* Debug */,
				895D9A46EEBEB8E255C43C81 /* Release */,
			);
			defaultConfigurationIsVisible = 0;
			defaultConfigurationName = Debug;
		};
		4AEED0CD027C5F1FB027F96F /* Build configuration list for PBXNativeTarget "HyllaTests" */ = {
			isa = XCConfigurationList;
			buildConfigurations = (
				EA4BC4BD4722D314B29EF5BB /* Debug */,
				976BF24590F815E6763023BB /* Release */,
			);
			defaultConfigurationIsVisible = 0;
			defaultConfigurationName = Debug;
		};
/* End XCConfigurationList section */
	};
	rootObject = 91482D6E0FC5DAFE393BF12D /* Project object */;
}
