// !$*UTF8*$!
{
	archiveVersion = 1;
	classes = {
	};
	objectVersion = 77;
	objects = {

/* Begin PBXBuildFile section */
		086A149706DDEF485F170B29 /* CoverUITests.swift in Sources */ = {isa = PBXBuildFile; fileRef = 76B79E88C7A2BD647825A63C /* CoverUITests.swift */; };
		08AFF0B8FC11F71F20857F0C /* HistoryView.swift in Sources */ = {isa = PBXBuildFile; fileRef = E3AD4599EA2058B5774F9630 /* HistoryView.swift */; };
		0B79BC44370E4DC12E1DF6F2 /* FleetFixture.swift in Sources */ = {isa = PBXBuildFile; fileRef = F6ADED52C1405844211F8A61 /* FleetFixture.swift */; };
		10C0A0DDBB9BF15F465901FA /* FleetStore.swift in Sources */ = {isa = PBXBuildFile; fileRef = 9AF374C3AC3DA11834D7D417 /* FleetStore.swift */; };
		14517DA123216619FC15DFE7 /* FleetRootView.swift in Sources */ = {isa = PBXBuildFile; fileRef = 28E08BF5E8D4DA6D489DAD7D /* FleetRootView.swift */; };
		178B94BC9855B6197DAB2887 /* Feedback.swift in Sources */ = {isa = PBXBuildFile; fileRef = 2E9A040061CC47002CDF6B6B /* Feedback.swift */; };
		1B15538A24B9F3B15B0ADB37 /* WindowPostureTests.swift in Sources */ = {isa = PBXBuildFile; fileRef = 207CD4D6158054B1BF9A8D33 /* WindowPostureTests.swift */; };
		21949B991F91E7A969FA9BA7 /* AdaptiveGrid.swift in Sources */ = {isa = PBXBuildFile; fileRef = 97D86CD4F49FFA19BE611731 /* AdaptiveGrid.swift */; };
		277A4F626C878AC61B36B4B8 /* ThisDeviceView.swift in Sources */ = {isa = PBXBuildFile; fileRef = 5FBCE85A3AD3D01C9FC677C1 /* ThisDeviceView.swift */; };
		2F2E36933467B01C6C10E8C7 /* AdaptiveLayoutTests.swift in Sources */ = {isa = PBXBuildFile; fileRef = 825E767A5B8F59D13AE2592D /* AdaptiveLayoutTests.swift */; };
		413B1F78286CA4FA4D2F2B52 /* DeviceDetailView.swift in Sources */ = {isa = PBXBuildFile; fileRef = C648CF951134BD0F80F4E091 /* DeviceDetailView.swift */; };
		47B032560FF8FC8E7971CF6A /* WindowPosture.swift in Sources */ = {isa = PBXBuildFile; fileRef = 5C549761A2DF93824ACB90AF /* WindowPosture.swift */; };
		49746BC2BD46F0B3F7DED003 /* CalendarDate.swift in Sources */ = {isa = PBXBuildFile; fileRef = FC613F4B2E8CB94C434A0836 /* CalendarDate.swift */; };
		4AB15F7B390CBF3741B419E1 /* FleetStoreTests.swift in Sources */ = {isa = PBXBuildFile; fileRef = 5C672C07EF833DC770544DF5 /* FleetStoreTests.swift */; };
		50A4D928B5476747DCD0A95A /* FleetFilterTests.swift in Sources */ = {isa = PBXBuildFile; fileRef = BE7AB5CE17AF052A1AA32E90 /* FleetFilterTests.swift */; };
		52C89EA17DFD75CD15DEF36B /* ScanView.swift in Sources */ = {isa = PBXBuildFile; fileRef = 7B1A361D69CA3D550E12437C /* ScanView.swift */; };
		59733FD4C5F80B6DFB07A370 /* ClaimSheet.swift in Sources */ = {isa = PBXBuildFile; fileRef = C2AF287F39A3AF1C107CBB63 /* ClaimSheet.swift */; };
		615F31D08154CDE1229DC4AC /* CoverView.swift in Sources */ = {isa = PBXBuildFile; fileRef = 1E52CA097F72ED1526880F92 /* CoverView.swift */; };
		6D448F665D02DB08C97AC8F4 /* PaneLayout.swift in Sources */ = {isa = PBXBuildFile; fileRef = EB41B1B16BAA8B79B9B80BCC /* PaneLayout.swift */; };
		7209B22C089E8477388509ED /* FilterSheet.swift in Sources */ = {isa = PBXBuildFile; fileRef = 96F911AB879A792AC558A47C /* FilterSheet.swift */; };
		74C9B8587A6E4283B0BF29B1 /* ShelfTag.swift in Sources */ = {isa = PBXBuildFile; fileRef = 29AE1B66966F3A3CBC72098E /* ShelfTag.swift */; };
		766F215A90909855D1933492 /* Fleet.swift in Sources */ = {isa = PBXBuildFile; fileRef = BF7DB665ACA20D441C5C3988 /* Fleet.swift */; };
		77B983E304DD38B3018C0F07 /* PostureReadout.swift in Sources */ = {isa = PBXBuildFile; fileRef = 9AD5B9F7A9B6BBD3E65D1946 /* PostureReadout.swift */; };
		77E17DC6A3BCE6CE7DFFE677 /* HyllaApp.swift in Sources */ = {isa = PBXBuildFile; fileRef = BCC2162C6EFA5ADAD0FAD5D5 /* HyllaApp.swift */; };
		7909D22627E8362034D45F86 /* FleetFilter.swift in Sources */ = {isa = PBXBuildFile; fileRef = 485260CCB2262F2B28676C8C /* FleetFilter.swift */; };
		7AAB4893FB035422C53BCED3 /* SheetsUITests.swift in Sources */ = {isa = PBXBuildFile; fileRef = 9F9DA5620360409950965130 /* SheetsUITests.swift */; };
		7B50303187F9DCBFB3519C85 /* PersonPicker.swift in Sources */ = {isa = PBXBuildFile; fileRef = C738846931936956614C5A04 /* PersonPicker.swift */; };
		8F12FF46648440C5BA75F494 /* RootView.swift in Sources */ = {isa = PBXBuildFile; fileRef = 6402A98D80B09E2A8A62869E /* RootView.swift */; };
		9D0EF5CC0B4ADDD261922A22 /* YouView.swift in Sources */ = {isa = PBXBuildFile; fileRef = 70DA5E9317003C8261B4140B /* YouView.swift */; };
		9E75BD81EB89C70205739298 /* DeepLinkTests.swift in Sources */ = {isa = PBXBuildFile; fileRef = 2D06037EFF6DE87B660EE8BF /* DeepLinkTests.swift */; };
		9F68B4331B1370822031CABD /* FleetView.swift in Sources */ = {isa = PBXBuildFile; fileRef = DC3268A8D0E68715ACA57AA9 /* FleetView.swift */; };
		A155E745F7D38BEF78ACECB3 /* ShellUITests.swift in Sources */ = {isa = PBXBuildFile; fileRef = D06195FD5764459EB6989523 /* ShellUITests.swift */; };
		A6B70D3B35E8A4ABECA7DC08 /* FleetNavigationUITests.swift in Sources */ = {isa = PBXBuildFile; fileRef = C0F07D471FBE4ED98FF0753D /* FleetNavigationUITests.swift */; };
		AC7A1C008C4C47B00F6A2D77 /* FleetFixtureTests.swift in Sources */ = {isa = PBXBuildFile; fileRef = D2340C60F6F02D79C23EB35D /* FleetFixtureTests.swift */; };
		AD470F4E4A9E0963A7B98D52 /* ScanLayout.swift in Sources */ = {isa = PBXBuildFile; fileRef = A137F0EA77579C8B8C0BE460 /* ScanLayout.swift */; };
		C4DFF5271D373B84AC0081DB /* AdaptiveLayout.swift in Sources */ = {isa = PBXBuildFile; fileRef = 80E586CDB047FC0E3C490866 /* AdaptiveLayout.swift */; };
		CE068C775B66FF3716B29155 /* PaneLayoutTests.swift in Sources */ = {isa = PBXBuildFile; fileRef = 7F2E05F2951AC3BE338A9057 /* PaneLayoutTests.swift */; };
		DAD8D594E69BE581F23F9FA8 /* devices.json in Resources */ = {isa = PBXBuildFile; fileRef = C766B65C2303EB4270D96C14 /* devices.json */; };
		F163184A58C1E25B65D51A16 /* EditSheet.swift in Sources */ = {isa = PBXBuildFile; fileRef = F289F00CFBE36BE727E4FAC7 /* EditSheet.swift */; };
		F3C639FD23284BABDF370B8C /* ScanUITests.swift in Sources */ = {isa = PBXBuildFile; fileRef = 3048761974723000145069DC /* ScanUITests.swift */; };
		F97C4017709BBD0EDA4DA059 /* Assets.xcassets in Resources */ = {isa = PBXBuildFile; fileRef = 625154AED9AE337CFF40CFBD /* Assets.xcassets */; };
		FD974CBABE4F3D16A76E9AE1 /* DeepLink.swift in Sources */ = {isa = PBXBuildFile; fileRef = C8C9D6F489CB86FEC73613DC /* DeepLink.swift */; };
		FFC76DBB5BF235F96814E745 /* FleetLabels.swift in Sources */ = {isa = PBXBuildFile; fileRef = 8C582CE67806106883217387 /* FleetLabels.swift */; };
		FFD11C178D517BEED105096D /* WindowPostureReader.swift in Sources */ = {isa = PBXBuildFile; fileRef = 42D8CF2C4341039DDB7E69AB /* WindowPostureReader.swift */; };
/* End PBXBuildFile section */

/* Begin PBXContainerItemProxy section */
		35251C9984758A54E080D84E /* PBXContainerItemProxy */ = {
			isa = PBXContainerItemProxy;
			containerPortal = 91482D6E0FC5DAFE393BF12D /* Project object */;
			proxyType = 1;
			remoteGlobalIDString = EE2B0DFA78D177A625716377;
			remoteInfo = Hylla;
		};
		44E7F1AE2B60F05760F774CB /* PBXContainerItemProxy */ = {
			isa = PBXContainerItemProxy;
			containerPortal = 91482D6E0FC5DAFE393BF12D /* Project object */;
			proxyType = 1;
			remoteGlobalIDString = EE2B0DFA78D177A625716377;
			remoteInfo = Hylla;
		};
/* End PBXContainerItemProxy section */

/* Begin PBXFileReference section */
		1E52CA097F72ED1526880F92 /* CoverView.swift */ = {isa = PBXFileReference; lastKnownFileType = sourcecode.swift; path = CoverView.swift; sourceTree = "<group>"; };
		207CD4D6158054B1BF9A8D33 /* WindowPostureTests.swift */ = {isa = PBXFileReference; lastKnownFileType = sourcecode.swift; path = WindowPostureTests.swift; sourceTree = "<group>"; };
		28E08BF5E8D4DA6D489DAD7D /* FleetRootView.swift */ = {isa = PBXFileReference; lastKnownFileType = sourcecode.swift; path = FleetRootView.swift; sourceTree = "<group>"; };
		29AE1B66966F3A3CBC72098E /* ShelfTag.swift */ = {isa = PBXFileReference; lastKnownFileType = sourcecode.swift; path = ShelfTag.swift; sourceTree = "<group>"; };
		2D06037EFF6DE87B660EE8BF /* DeepLinkTests.swift */ = {isa = PBXFileReference; lastKnownFileType = sourcecode.swift; path = DeepLinkTests.swift; sourceTree = "<group>"; };
		2E9A040061CC47002CDF6B6B /* Feedback.swift */ = {isa = PBXFileReference; lastKnownFileType = sourcecode.swift; path = Feedback.swift; sourceTree = "<group>"; };
		3048761974723000145069DC /* ScanUITests.swift */ = {isa = PBXFileReference; lastKnownFileType = sourcecode.swift; path = ScanUITests.swift; sourceTree = "<group>"; };
		42D8CF2C4341039DDB7E69AB /* WindowPostureReader.swift */ = {isa = PBXFileReference; lastKnownFileType = sourcecode.swift; path = WindowPostureReader.swift; sourceTree = "<group>"; };
		485260CCB2262F2B28676C8C /* FleetFilter.swift */ = {isa = PBXFileReference; lastKnownFileType = sourcecode.swift; path = FleetFilter.swift; sourceTree = "<group>"; };
		5C549761A2DF93824ACB90AF /* WindowPosture.swift */ = {isa = PBXFileReference; lastKnownFileType = sourcecode.swift; path = WindowPosture.swift; sourceTree = "<group>"; };
		5C672C07EF833DC770544DF5 /* FleetStoreTests.swift */ = {isa = PBXFileReference; lastKnownFileType = sourcecode.swift; path = FleetStoreTests.swift; sourceTree = "<group>"; };
		5FBCE85A3AD3D01C9FC677C1 /* ThisDeviceView.swift */ = {isa = PBXFileReference; lastKnownFileType = sourcecode.swift; path = ThisDeviceView.swift; sourceTree = "<group>"; };
		625154AED9AE337CFF40CFBD /* Assets.xcassets */ = {isa = PBXFileReference; lastKnownFileType = folder.assetcatalog; path = Assets.xcassets; sourceTree = "<group>"; };
		6402A98D80B09E2A8A62869E /* RootView.swift */ = {isa = PBXFileReference; lastKnownFileType = sourcecode.swift; path = RootView.swift; sourceTree = "<group>"; };
		70DA5E9317003C8261B4140B /* YouView.swift */ = {isa = PBXFileReference; lastKnownFileType = sourcecode.swift; path = YouView.swift; sourceTree = "<group>"; };
		725DF1C7FE5873B5483A7EBA /* Hylla.app */ = {isa = PBXFileReference; includeInIndex = 0; lastKnownFileType = wrapper.application; path = Hylla.app; sourceTree = BUILT_PRODUCTS_DIR; };
		76B79E88C7A2BD647825A63C /* CoverUITests.swift */ = {isa = PBXFileReference; lastKnownFileType = sourcecode.swift; path = CoverUITests.swift; sourceTree = "<group>"; };
		7B1A361D69CA3D550E12437C /* ScanView.swift */ = {isa = PBXFileReference; lastKnownFileType = sourcecode.swift; path = ScanView.swift; sourceTree = "<group>"; };
		7F2E05F2951AC3BE338A9057 /* PaneLayoutTests.swift */ = {isa = PBXFileReference; lastKnownFileType = sourcecode.swift; path = PaneLayoutTests.swift; sourceTree = "<group>"; };
		80E586CDB047FC0E3C490866 /* AdaptiveLayout.swift */ = {isa = PBXFileReference; lastKnownFileType = sourcecode.swift; path = AdaptiveLayout.swift; sourceTree = "<group>"; };
		825E767A5B8F59D13AE2592D /* AdaptiveLayoutTests.swift */ = {isa = PBXFileReference; lastKnownFileType = sourcecode.swift; path = AdaptiveLayoutTests.swift; sourceTree = "<group>"; };
		8C582CE67806106883217387 /* FleetLabels.swift */ = {isa = PBXFileReference; lastKnownFileType = sourcecode.swift; path = FleetLabels.swift; sourceTree = "<group>"; };
		96F911AB879A792AC558A47C /* FilterSheet.swift */ = {isa = PBXFileReference; lastKnownFileType = sourcecode.swift; path = FilterSheet.swift; sourceTree = "<group>"; };
		97D86CD4F49FFA19BE611731 /* AdaptiveGrid.swift */ = {isa = PBXFileReference; lastKnownFileType = sourcecode.swift; path = AdaptiveGrid.swift; sourceTree = "<group>"; };
		9AD5B9F7A9B6BBD3E65D1946 /* PostureReadout.swift */ = {isa = PBXFileReference; lastKnownFileType = sourcecode.swift; path = PostureReadout.swift; sourceTree = "<group>"; };
		9AF374C3AC3DA11834D7D417 /* FleetStore.swift */ = {isa = PBXFileReference; lastKnownFileType = sourcecode.swift; path = FleetStore.swift; sourceTree = "<group>"; };
		9F9DA5620360409950965130 /* SheetsUITests.swift */ = {isa = PBXFileReference; lastKnownFileType = sourcecode.swift; path = SheetsUITests.swift; sourceTree = "<group>"; };
		A137F0EA77579C8B8C0BE460 /* ScanLayout.swift */ = {isa = PBXFileReference; lastKnownFileType = sourcecode.swift; path = ScanLayout.swift; sourceTree = "<group>"; };
		A29E76F498B9456CC82DA6B4 /* HyllaTests.xctest */ = {isa = PBXFileReference; includeInIndex = 0; lastKnownFileType = wrapper.cfbundle; path = HyllaTests.xctest; sourceTree = BUILT_PRODUCTS_DIR; };
		BCC2162C6EFA5ADAD0FAD5D5 /* HyllaApp.swift */ = {isa = PBXFileReference; lastKnownFileType = sourcecode.swift; path = HyllaApp.swift; sourceTree = "<group>"; };
		BE7AB5CE17AF052A1AA32E90 /* FleetFilterTests.swift */ = {isa = PBXFileReference; lastKnownFileType = sourcecode.swift; path = FleetFilterTests.swift; sourceTree = "<group>"; };
		BF7DB665ACA20D441C5C3988 /* Fleet.swift */ = {isa = PBXFileReference; lastKnownFileType = sourcecode.swift; path = Fleet.swift; sourceTree = "<group>"; };
		C0F07D471FBE4ED98FF0753D /* FleetNavigationUITests.swift */ = {isa = PBXFileReference; lastKnownFileType = sourcecode.swift; path = FleetNavigationUITests.swift; sourceTree = "<group>"; };
		C2AF287F39A3AF1C107CBB63 /* ClaimSheet.swift */ = {isa = PBXFileReference; lastKnownFileType = sourcecode.swift; path = ClaimSheet.swift; sourceTree = "<group>"; };
		C648CF951134BD0F80F4E091 /* DeviceDetailView.swift */ = {isa = PBXFileReference; lastKnownFileType = sourcecode.swift; path = DeviceDetailView.swift; sourceTree = "<group>"; };
		C738846931936956614C5A04 /* PersonPicker.swift */ = {isa = PBXFileReference; lastKnownFileType = sourcecode.swift; path = PersonPicker.swift; sourceTree = "<group>"; };
		C766B65C2303EB4270D96C14 /* devices.json */ = {isa = PBXFileReference; lastKnownFileType = text.json; path = devices.json; sourceTree = "<group>"; };
		C8C9D6F489CB86FEC73613DC /* DeepLink.swift */ = {isa = PBXFileReference; lastKnownFileType = sourcecode.swift; path = DeepLink.swift; sourceTree = "<group>"; };
		CBC39601BE77E6CCBA48D616 /* HyllaUITests.xctest */ = {isa = PBXFileReference; includeInIndex = 0; lastKnownFileType = wrapper.cfbundle; path = HyllaUITests.xctest; sourceTree = BUILT_PRODUCTS_DIR; };
		D06195FD5764459EB6989523 /* ShellUITests.swift */ = {isa = PBXFileReference; lastKnownFileType = sourcecode.swift; path = ShellUITests.swift; sourceTree = "<group>"; };
		D2340C60F6F02D79C23EB35D /* FleetFixtureTests.swift */ = {isa = PBXFileReference; lastKnownFileType = sourcecode.swift; path = FleetFixtureTests.swift; sourceTree = "<group>"; };
		DC3268A8D0E68715ACA57AA9 /* FleetView.swift */ = {isa = PBXFileReference; lastKnownFileType = sourcecode.swift; path = FleetView.swift; sourceTree = "<group>"; };
		E3AD4599EA2058B5774F9630 /* HistoryView.swift */ = {isa = PBXFileReference; lastKnownFileType = sourcecode.swift; path = HistoryView.swift; sourceTree = "<group>"; };
		EB41B1B16BAA8B79B9B80BCC /* PaneLayout.swift */ = {isa = PBXFileReference; lastKnownFileType = sourcecode.swift; path = PaneLayout.swift; sourceTree = "<group>"; };
		F289F00CFBE36BE727E4FAC7 /* EditSheet.swift */ = {isa = PBXFileReference; lastKnownFileType = sourcecode.swift; path = EditSheet.swift; sourceTree = "<group>"; };
		F6ADED52C1405844211F8A61 /* FleetFixture.swift */ = {isa = PBXFileReference; lastKnownFileType = sourcecode.swift; path = FleetFixture.swift; sourceTree = "<group>"; };
		FC613F4B2E8CB94C434A0836 /* CalendarDate.swift */ = {isa = PBXFileReference; lastKnownFileType = sourcecode.swift; path = CalendarDate.swift; sourceTree = "<group>"; };
/* End PBXFileReference section */

/* Begin PBXGroup section */
		128DD795245684A38F7E5AF2 /* Hylla */ = {
			isa = PBXGroup;
			children = (
				B22A1FAACBA80C04DF154533 /* fixtures */,
			);
			name = Hylla;
			path = ..;
			sourceTree = "<group>";
		};
		2F6FCF56E12E702037768CCD /* Fleet */ = {
			isa = PBXGroup;
			children = (
				FC613F4B2E8CB94C434A0836 /* CalendarDate.swift */,
				C8C9D6F489CB86FEC73613DC /* DeepLink.swift */,
				BF7DB665ACA20D441C5C3988 /* Fleet.swift */,
				485260CCB2262F2B28676C8C /* FleetFilter.swift */,
				F6ADED52C1405844211F8A61 /* FleetFixture.swift */,
				8C582CE67806106883217387 /* FleetLabels.swift */,
				9AF374C3AC3DA11834D7D417 /* FleetStore.swift */,
				29AE1B66966F3A3CBC72098E /* ShelfTag.swift */,
			);
			path = Fleet;
			sourceTree = "<group>";
		};
		39C2A80B657D885D297036F0 /* Screens */ = {
			isa = PBXGroup;
			children = (
				C2AF287F39A3AF1C107CBB63 /* ClaimSheet.swift */,
				1E52CA097F72ED1526880F92 /* CoverView.swift */,
				C648CF951134BD0F80F4E091 /* DeviceDetailView.swift */,
				F289F00CFBE36BE727E4FAC7 /* EditSheet.swift */,
				2E9A040061CC47002CDF6B6B /* Feedback.swift */,
				96F911AB879A792AC558A47C /* FilterSheet.swift */,
				28E08BF5E8D4DA6D489DAD7D /* FleetRootView.swift */,
				DC3268A8D0E68715ACA57AA9 /* FleetView.swift */,
				E3AD4599EA2058B5774F9630 /* HistoryView.swift */,
				C738846931936956614C5A04 /* PersonPicker.swift */,
				7B1A361D69CA3D550E12437C /* ScanView.swift */,
				5FBCE85A3AD3D01C9FC677C1 /* ThisDeviceView.swift */,
				70DA5E9317003C8261B4140B /* YouView.swift */,
			);
			path = Screens;
			sourceTree = "<group>";
		};
		54BEFBE2C8943EF36132D4AE = {
			isa = PBXGroup;
			children = (
				93CDA30024B7496C9921014F /* Hylla */,
				128DD795245684A38F7E5AF2 /* Hylla */,
				7298A18CE3BA5A61BD5D71C4 /* HyllaTests */,
				F150055588D12D9881CFB9A2 /* HyllaUITests */,
				6759A97866CB578BC8BC479D /* Products */,
			);
			sourceTree = "<group>";
		};
		6759A97866CB578BC8BC479D /* Products */ = {
			isa = PBXGroup;
			children = (
				725DF1C7FE5873B5483A7EBA /* Hylla.app */,
				A29E76F498B9456CC82DA6B4 /* HyllaTests.xctest */,
				CBC39601BE77E6CCBA48D616 /* HyllaUITests.xctest */,
			);
			name = Products;
			sourceTree = "<group>";
		};
		7298A18CE3BA5A61BD5D71C4 /* HyllaTests */ = {
			isa = PBXGroup;
			children = (
				825E767A5B8F59D13AE2592D /* AdaptiveLayoutTests.swift */,
				2D06037EFF6DE87B660EE8BF /* DeepLinkTests.swift */,
				BE7AB5CE17AF052A1AA32E90 /* FleetFilterTests.swift */,
				D2340C60F6F02D79C23EB35D /* FleetFixtureTests.swift */,
				5C672C07EF833DC770544DF5 /* FleetStoreTests.swift */,
				7F2E05F2951AC3BE338A9057 /* PaneLayoutTests.swift */,
				207CD4D6158054B1BF9A8D33 /* WindowPostureTests.swift */,
			);
			path = HyllaTests;
			sourceTree = "<group>";
		};
		93CDA30024B7496C9921014F /* Hylla */ = {
			isa = PBXGroup;
			children = (
				625154AED9AE337CFF40CFBD /* Assets.xcassets */,
				BCC2162C6EFA5ADAD0FAD5D5 /* HyllaApp.swift */,
				6402A98D80B09E2A8A62869E /* RootView.swift */,
				2F6FCF56E12E702037768CCD /* Fleet */,
				DE9FAB16EF512A61A5F6E215 /* Layout */,
				B3449A7CCCEE7D350E621F50 /* Posture */,
				39C2A80B657D885D297036F0 /* Screens */,
			);
			path = Hylla;
			sourceTree = "<group>";
		};
		B22A1FAACBA80C04DF154533 /* fixtures */ = {
			isa = PBXGroup;
			children = (
				C766B65C2303EB4270D96C14 /* devices.json */,
			);
			path = fixtures;
			sourceTree = "<group>";
		};
		B3449A7CCCEE7D350E621F50 /* Posture */ = {
			isa = PBXGroup;
			children = (
				9AD5B9F7A9B6BBD3E65D1946 /* PostureReadout.swift */,
				5C549761A2DF93824ACB90AF /* WindowPosture.swift */,
				42D8CF2C4341039DDB7E69AB /* WindowPostureReader.swift */,
			);
			path = Posture;
			sourceTree = "<group>";
		};
		DE9FAB16EF512A61A5F6E215 /* Layout */ = {
			isa = PBXGroup;
			children = (
				97D86CD4F49FFA19BE611731 /* AdaptiveGrid.swift */,
				80E586CDB047FC0E3C490866 /* AdaptiveLayout.swift */,
				EB41B1B16BAA8B79B9B80BCC /* PaneLayout.swift */,
				A137F0EA77579C8B8C0BE460 /* ScanLayout.swift */,
			);
			path = Layout;
			sourceTree = "<group>";
		};
		F150055588D12D9881CFB9A2 /* HyllaUITests */ = {
			isa = PBXGroup;
			children = (
				76B79E88C7A2BD647825A63C /* CoverUITests.swift */,
				C0F07D471FBE4ED98FF0753D /* FleetNavigationUITests.swift */,
				3048761974723000145069DC /* ScanUITests.swift */,
				9F9DA5620360409950965130 /* SheetsUITests.swift */,
				D06195FD5764459EB6989523 /* ShellUITests.swift */,
			);
			path = HyllaUITests;
			sourceTree = "<group>";
		};
/* End PBXGroup section */

/* Begin PBXNativeTarget section */
		7E766E686C58C20D46CB177B /* HyllaUITests */ = {
			isa = PBXNativeTarget;
			buildConfigurationList = 292661125E3CEBDACE8376FA /* Build configuration list for PBXNativeTarget "HyllaUITests" */;
			buildPhases = (
				9B04F577F792E82846F3A82E /* Sources */,
			);
			buildRules = (
			);
			dependencies = (
				0A568D37465706A891BADCB8 /* PBXTargetDependency */,
			);
			name = HyllaUITests;
			packageProductDependencies = (
			);
			productName = HyllaUITests;
			productReference = CBC39601BE77E6CCBA48D616 /* HyllaUITests.xctest */;
			productType = "com.apple.product-type.bundle.ui-testing";
		};
		7FB0CC7F0297044A480ECC48 /* HyllaTests */ = {
			isa = PBXNativeTarget;
			buildConfigurationList = 4AEED0CD027C5F1FB027F96F /* Build configuration list for PBXNativeTarget "HyllaTests" */;
			buildPhases = (
				99BFFE27997E400BFE3055BF /* Sources */,
			);
			buildRules = (
			);
			dependencies = (
				5040D59D9A5852CD7C521A38 /* PBXTargetDependency */,
			);
			name = HyllaTests;
			packageProductDependencies = (
			);
			productName = HyllaTests;
			productReference = A29E76F498B9456CC82DA6B4 /* HyllaTests.xctest */;
			productType = "com.apple.product-type.bundle.unit-test";
		};
		EE2B0DFA78D177A625716377 /* Hylla */ = {
			isa = PBXNativeTarget;
			buildConfigurationList = 38B900BBEF834E6FCB9A31A5 /* Build configuration list for PBXNativeTarget "Hylla" */;
			buildPhases = (
				B52382A82A63FC910B504299 /* Sources */,
				EF7B7173E306DE8A08832E84 /* Resources */,
			);
			buildRules = (
			);
			dependencies = (
			);
			name = Hylla;
			packageProductDependencies = (
			);
			productName = Hylla;
			productReference = 725DF1C7FE5873B5483A7EBA /* Hylla.app */;
			productType = "com.apple.product-type.application";
		};
/* End PBXNativeTarget section */

/* Begin PBXProject section */
		91482D6E0FC5DAFE393BF12D /* Project object */ = {
			isa = PBXProject;
			attributes = {
				BuildIndependentTargetsInParallel = YES;
				LastUpgradeCheck = 1430;
				TargetAttributes = {
					7E766E686C58C20D46CB177B = {
						DevelopmentTeam = "";
						TestTargetID = EE2B0DFA78D177A625716377;
					};
					7FB0CC7F0297044A480ECC48 = {
						DevelopmentTeam = "";
					};
					EE2B0DFA78D177A625716377 = {
						DevelopmentTeam = "";
						ProvisioningStyle = Automatic;
					};
				};
			};
			buildConfigurationList = 16F0EB9941A3B32E2503F0D2 /* Build configuration list for PBXProject "Hylla" */;
			developmentRegion = en;
			hasScannedForEncodings = 0;
			knownRegions = (
				Base,
				en,
			);
			mainGroup = 54BEFBE2C8943EF36132D4AE;
			minimizedProjectReferenceProxies = 1;
			preferredProjectObjectVersion = 77;
			productRefGroup = 6759A97866CB578BC8BC479D /* Products */;
			projectDirPath = "";
			projectRoot = "";
			targets = (
				EE2B0DFA78D177A625716377 /* Hylla */,
				7FB0CC7F0297044A480ECC48 /* HyllaTests */,
				7E766E686C58C20D46CB177B /* HyllaUITests */,
			);
		};
/* End PBXProject section */

/* Begin PBXResourcesBuildPhase section */
		EF7B7173E306DE8A08832E84 /* Resources */ = {
			isa = PBXResourcesBuildPhase;
			buildActionMask = 2147483647;
			files = (
				F97C4017709BBD0EDA4DA059 /* Assets.xcassets in Resources */,
				DAD8D594E69BE581F23F9FA8 /* devices.json in Resources */,
			);
			runOnlyForDeploymentPostprocessing = 0;
		};
/* End PBXResourcesBuildPhase section */

/* Begin PBXSourcesBuildPhase section */
		99BFFE27997E400BFE3055BF /* Sources */ = {
			isa = PBXSourcesBuildPhase;
			buildActionMask = 2147483647;
			files = (
				2F2E36933467B01C6C10E8C7 /* AdaptiveLayoutTests.swift in Sources */,
				9E75BD81EB89C70205739298 /* DeepLinkTests.swift in Sources */,
				50A4D928B5476747DCD0A95A /* FleetFilterTests.swift in Sources */,
				AC7A1C008C4C47B00F6A2D77 /* FleetFixtureTests.swift in Sources */,
				4AB15F7B390CBF3741B419E1 /* FleetStoreTests.swift in Sources */,
				CE068C775B66FF3716B29155 /* PaneLayoutTests.swift in Sources */,
				1B15538A24B9F3B15B0ADB37 /* WindowPostureTests.swift in Sources */,
			);
			runOnlyForDeploymentPostprocessing = 0;
		};
		9B04F577F792E82846F3A82E /* Sources */ = {
			isa = PBXSourcesBuildPhase;
			buildActionMask = 2147483647;
			files = (
				086A149706DDEF485F170B29 /* CoverUITests.swift in Sources */,
				A6B70D3B35E8A4ABECA7DC08 /* FleetNavigationUITests.swift in Sources */,
				F3C639FD23284BABDF370B8C /* ScanUITests.swift in Sources */,
				7AAB4893FB035422C53BCED3 /* SheetsUITests.swift in Sources */,
				A155E745F7D38BEF78ACECB3 /* ShellUITests.swift in Sources */,
			);
			runOnlyForDeploymentPostprocessing = 0;
		};
		B52382A82A63FC910B504299 /* Sources */ = {
			isa = PBXSourcesBuildPhase;
			buildActionMask = 2147483647;
			files = (
				21949B991F91E7A969FA9BA7 /* AdaptiveGrid.swift in Sources */,
				C4DFF5271D373B84AC0081DB /* AdaptiveLayout.swift in Sources */,
				49746BC2BD46F0B3F7DED003 /* CalendarDate.swift in Sources */,
				59733FD4C5F80B6DFB07A370 /* ClaimSheet.swift in Sources */,
				615F31D08154CDE1229DC4AC /* CoverView.swift in Sources */,
				FD974CBABE4F3D16A76E9AE1 /* DeepLink.swift in Sources */,
				413B1F78286CA4FA4D2F2B52 /* DeviceDetailView.swift in Sources */,
				F163184A58C1E25B65D51A16 /* EditSheet.swift in Sources */,
				178B94BC9855B6197DAB2887 /* Feedback.swift in Sources */,
				7209B22C089E8477388509ED /* FilterSheet.swift in Sources */,
				766F215A90909855D1933492 /* Fleet.swift in Sources */,
				7909D22627E8362034D45F86 /* FleetFilter.swift in Sources */,
				0B79BC44370E4DC12E1DF6F2 /* FleetFixture.swift in Sources */,
				FFC76DBB5BF235F96814E745 /* FleetLabels.swift in Sources */,
				14517DA123216619FC15DFE7 /* FleetRootView.swift in Sources */,
				10C0A0DDBB9BF15F465901FA /* FleetStore.swift in Sources */,
				9F68B4331B1370822031CABD /* FleetView.swift in Sources */,
				08AFF0B8FC11F71F20857F0C /* HistoryView.swift in Sources */,
				77E17DC6A3BCE6CE7DFFE677 /* HyllaApp.swift in Sources */,
				6D448F665D02DB08C97AC8F4 /* PaneLayout.swift in Sources */,
				7B50303187F9DCBFB3519C85 /* PersonPicker.swift in Sources */,
				77B983E304DD38B3018C0F07 /* PostureReadout.swift in Sources */,
				8F12FF46648440C5BA75F494 /* RootView.swift in Sources */,
				AD470F4E4A9E0963A7B98D52 /* ScanLayout.swift in Sources */,
				52C89EA17DFD75CD15DEF36B /* ScanView.swift in Sources */,
				74C9B8587A6E4283B0BF29B1 /* ShelfTag.swift in Sources */,
				277A4F626C878AC61B36B4B8 /* ThisDeviceView.swift in Sources */,
				47B032560FF8FC8E7971CF6A /* WindowPosture.swift in Sources */,
				FFD11C178D517BEED105096D /* WindowPostureReader.swift in Sources */,
				9D0EF5CC0B4ADDD261922A22 /* YouView.swift in Sources */,
			);
			runOnlyForDeploymentPostprocessing = 0;
		};
/* End PBXSourcesBuildPhase section */

/* Begin PBXTargetDependency section */
		0A568D37465706A891BADCB8 /* PBXTargetDependency */ = {
			isa = PBXTargetDependency;
			target = EE2B0DFA78D177A625716377 /* Hylla */;
			targetProxy = 44E7F1AE2B60F05760F774CB /* PBXContainerItemProxy */;
		};
		5040D59D9A5852CD7C521A38 /* PBXTargetDependency */ = {
			isa = PBXTargetDependency;
			target = EE2B0DFA78D177A625716377 /* Hylla */;
			targetProxy = 35251C9984758A54E080D84E /* PBXContainerItemProxy */;
		};
/* End PBXTargetDependency section */

/* Begin XCBuildConfiguration section */
		27EFA66C0862D32D5503F93C /* Release */ = {
			isa = XCBuildConfiguration;
			buildSettings = {
				BUNDLE_LOADER = "$(TEST_HOST)";
				GENERATE_INFOPLIST_FILE = YES;
				LD_RUNPATH_SEARCH_PATHS = (
					"$(inherited)",
					"@executable_path/Frameworks",
					"@loader_path/Frameworks",
				);
				PRODUCT_BUNDLE_IDENTIFIER = com.umain.hylla.uitests;
				SDKROOT = iphoneos;
				TARGETED_DEVICE_FAMILY = "1,2";
				TEST_TARGET_NAME = Hylla;
			};
			name = Release;
		};
		663B4C272DE1AF38D2F6EA16 /* Debug */ = {
			isa = XCBuildConfiguration;
			buildSettings = {
				BUNDLE_LOADER = "$(TEST_HOST)";
				GENERATE_INFOPLIST_FILE = YES;
				LD_RUNPATH_SEARCH_PATHS = (
					"$(inherited)",
					"@executable_path/Frameworks",
					"@loader_path/Frameworks",
				);
				PRODUCT_BUNDLE_IDENTIFIER = com.umain.hylla.uitests;
				SDKROOT = iphoneos;
				TARGETED_DEVICE_FAMILY = "1,2";
				TEST_TARGET_NAME = Hylla;
			};
			name = Debug;
		};
		895D9A46EEBEB8E255C43C81 /* Release */ = {
			isa = XCBuildConfiguration;
			buildSettings = {
				ASSETCATALOG_COMPILER_APPICON_NAME = AppIcon;
				ASSETCATALOG_COMPILER_GLOBAL_ACCENT_COLOR_NAME = AccentColor;
				CODE_SIGN_IDENTITY = "iPhone Developer";
				CODE_SIGN_STYLE = Automatic;
				CURRENT_PROJECT_VERSION = 1;
				GENERATE_INFOPLIST_FILE = YES;
				INFOPLIST_FILE = Hylla/Info.plist;
				INFOPLIST_KEY_CFBundleDisplayName = Hylla;
				INFOPLIST_KEY_UIApplicationSceneManifest_Generation = YES;
				INFOPLIST_KEY_UISupportedInterfaceOrientations = "UIInterfaceOrientationPortrait UIInterfaceOrientationLandscapeLeft UIInterfaceOrientationLandscapeRight UIInterfaceOrientationPortraitUpsideDown";
				LD_RUNPATH_SEARCH_PATHS = (
					"$(inherited)",
					"@executable_path/Frameworks",
				);
				MARKETING_VERSION = 0.1.0;
				PRODUCT_BUNDLE_IDENTIFIER = com.umain.hylla;
				PRODUCT_NAME = Hylla;
				SDKROOT = iphoneos;
				TARGETED_DEVICE_FAMILY = "1,2";
			};
			name = Release;
		};
		8D5CC857FD19FE9A684A03F2 /* Debug */ = {
			isa = XCBuildConfiguration;
			buildSettings = {
				ALWAYS_SEARCH_USER_PATHS = NO;
				CLANG_ANALYZER_NONNULL = YES;
				CLANG_ANALYZER_NUMBER_OBJECT_CONVERSION = YES_AGGRESSIVE;
				CLANG_CXX_LANGUAGE_STANDARD = "gnu++14";
				CLANG_CXX_LIBRARY = "libc++";
				CLANG_ENABLE_MODULES = YES;
				CLANG_ENABLE_OBJC_ARC = YES;
				CLANG_ENABLE_OBJC_WEAK = YES;
				CLANG_WARN_BLOCK_CAPTURE_AUTORELEASING = YES;
				CLANG_WARN_BOOL_CONVERSION = YES;
				CLANG_WARN_COMMA = YES;
				CLANG_WARN_CONSTANT_CONVERSION = YES;
				CLANG_WARN_DEPRECATED_OBJC_IMPLEMENTATIONS = YES;
				CLANG_WARN_DIRECT_OBJC_ISA_USAGE = YES_ERROR;
				CLANG_WARN_DOCUMENTATION_COMMENTS = YES;
				CLANG_WARN_EMPTY_BODY = YES;
				CLANG_WARN_ENUM_CONVERSION = YES;
				CLANG_WARN_INFINITE_RECURSION = YES;
				CLANG_WARN_INT_CONVERSION = YES;
				CLANG_WARN_NON_LITERAL_NULL_CONVERSION = YES;
				CLANG_WARN_OBJC_IMPLICIT_RETAIN_SELF = YES;
				CLANG_WARN_OBJC_LITERAL_CONVERSION = YES;
				CLANG_WARN_OBJC_ROOT_CLASS = YES_ERROR;
				CLANG_WARN_QUOTED_INCLUDE_IN_FRAMEWORK_HEADER = YES;
				CLANG_WARN_RANGE_LOOP_ANALYSIS = YES;
				CLANG_WARN_STRICT_PROTOTYPES = YES;
				CLANG_WARN_SUSPICIOUS_MOVE = YES;
				CLANG_WARN_UNGUARDED_AVAILABILITY = YES_AGGRESSIVE;
				CLANG_WARN_UNREACHABLE_CODE = YES;
				CLANG_WARN__DUPLICATE_METHOD_MATCH = YES;
				COPY_PHASE_STRIP = NO;
				DEBUG_INFORMATION_FORMAT = dwarf;
				DEVELOPMENT_TEAM = "";
				ENABLE_STRICT_OBJC_MSGSEND = YES;
				ENABLE_TESTABILITY = YES;
				GCC_C_LANGUAGE_STANDARD = gnu11;
				GCC_DYNAMIC_NO_PIC = NO;
				GCC_NO_COMMON_BLOCKS = YES;
				GCC_OPTIMIZATION_LEVEL = 0;
				GCC_PREPROCESSOR_DEFINITIONS = (
					"$(inherited)",
					"DEBUG=1",
				);
				GCC_WARN_64_TO_32_BIT_CONVERSION = YES;
				GCC_WARN_ABOUT_RETURN_TYPE = YES_ERROR;
				GCC_WARN_UNDECLARED_SELECTOR = YES;
				GCC_WARN_UNINITIALIZED_AUTOS = YES_AGGRESSIVE;
				GCC_WARN_UNUSED_FUNCTION = YES;
				GCC_WARN_UNUSED_VARIABLE = YES;
				IPHONEOS_DEPLOYMENT_TARGET = 18.0;
				MTL_ENABLE_DEBUG_INFO = INCLUDE_SOURCE;
				MTL_FAST_MATH = YES;
				ONLY_ACTIVE_ARCH = YES;
				PRODUCT_NAME = "$(TARGET_NAME)";
				SDKROOT = iphoneos;
				SWIFT_ACTIVE_COMPILATION_CONDITIONS = DEBUG;
				SWIFT_OPTIMIZATION_LEVEL = "-Onone";
				SWIFT_STRICT_CONCURRENCY = complete;
				SWIFT_VERSION = 6.0;
			};
			name = Debug;
		};
		976BF24590F815E6763023BB /* Release */ = {
			isa = XCBuildConfiguration;
			buildSettings = {
				BUNDLE_LOADER = "$(TEST_HOST)";
				GENERATE_INFOPLIST_FILE = YES;
				LD_RUNPATH_SEARCH_PATHS = (
					"$(inherited)",
					"@executable_path/Frameworks",
					"@loader_path/Frameworks",
				);
				PRODUCT_BUNDLE_IDENTIFIER = com.umain.hylla.tests;
				SDKROOT = iphoneos;
				TARGETED_DEVICE_FAMILY = "1,2";
				TEST_HOST = "$(BUILT_PRODUCTS_DIR)/Hylla.app/Hylla";
			};
			name = Release;
		};
		C8EB08207583197495EBCF67 /* Release */ = {
			isa = XCBuildConfiguration;
			buildSettings = {
				ALWAYS_SEARCH_USER_PATHS = NO;
				CLANG_ANALYZER_NONNULL = YES;
				CLANG_ANALYZER_NUMBER_OBJECT_CONVERSION = YES_AGGRESSIVE;
				CLANG_CXX_LANGUAGE_STANDARD = "gnu++14";
				CLANG_CXX_LIBRARY = "libc++";
				CLANG_ENABLE_MODULES = YES;
				CLANG_ENABLE_OBJC_ARC = YES;
				CLANG_ENABLE_OBJC_WEAK = YES;
				CLANG_WARN_BLOCK_CAPTURE_AUTORELEASING = YES;
				CLANG_WARN_BOOL_CONVERSION = YES;
				CLANG_WARN_COMMA = YES;
				CLANG_WARN_CONSTANT_CONVERSION = YES;
				CLANG_WARN_DEPRECATED_OBJC_IMPLEMENTATIONS = YES;
				CLANG_WARN_DIRECT_OBJC_ISA_USAGE = YES_ERROR;
				CLANG_WARN_DOCUMENTATION_COMMENTS = YES;
				CLANG_WARN_EMPTY_BODY = YES;
				CLANG_WARN_ENUM_CONVERSION = YES;
				CLANG_WARN_INFINITE_RECURSION = YES;
				CLANG_WARN_INT_CONVERSION = YES;
				CLANG_WARN_NON_LITERAL_NULL_CONVERSION = YES;
				CLANG_WARN_OBJC_IMPLICIT_RETAIN_SELF = YES;
				CLANG_WARN_OBJC_LITERAL_CONVERSION = YES;
				CLANG_WARN_OBJC_ROOT_CLASS = YES_ERROR;
				CLANG_WARN_QUOTED_INCLUDE_IN_FRAMEWORK_HEADER = YES;
				CLANG_WARN_RANGE_LOOP_ANALYSIS = YES;
				CLANG_WARN_STRICT_PROTOTYPES = YES;
				CLANG_WARN_SUSPICIOUS_MOVE = YES;
				CLANG_WARN_UNGUARDED_AVAILABILITY = YES_AGGRESSIVE;
				CLANG_WARN_UNREACHABLE_CODE = YES;
				CLANG_WARN__DUPLICATE_METHOD_MATCH = YES;
				COPY_PHASE_STRIP = NO;
				DEBUG_INFORMATION_FORMAT = "dwarf-with-dsym";
				DEVELOPMENT_TEAM = "";
				ENABLE_NS_ASSERTIONS = NO;
				ENABLE_STRICT_OBJC_MSGSEND = YES;
				GCC_C_LANGUAGE_STANDARD = gnu11;
				GCC_NO_COMMON_BLOCKS = YES;
				GCC_WARN_64_TO_32_BIT_CONVERSION = YES;
				GCC_WARN_ABOUT_RETURN_TYPE = YES_ERROR;
				GCC_WARN_UNDECLARED_SELECTOR = YES;
				GCC_WARN_UNINITIALIZED_AUTOS = YES_AGGRESSIVE;
				GCC_WARN_UNUSED_FUNCTION = YES;
				GCC_WARN_UNUSED_VARIABLE = YES;
				IPHONEOS_DEPLOYMENT_TARGET = 18.0;
				MTL_ENABLE_DEBUG_INFO = NO;
				MTL_FAST_MATH = YES;
				PRODUCT_NAME = "$(TARGET_NAME)";
				SDKROOT = iphoneos;
				SWIFT_COMPILATION_MODE = wholemodule;
				SWIFT_OPTIMIZATION_LEVEL = "-O";
				SWIFT_STRICT_CONCURRENCY = complete;
				SWIFT_VERSION = 6.0;
			};
			name = Release;
		};
		EA4BC4BD4722D314B29EF5BB /* Debug */ = {
			isa = XCBuildConfiguration;
			buildSettings = {
				BUNDLE_LOADER = "$(TEST_HOST)";
				GENERATE_INFOPLIST_FILE = YES;
				LD_RUNPATH_SEARCH_PATHS = (
					"$(inherited)",
					"@executable_path/Frameworks",
					"@loader_path/Frameworks",
				);
				PRODUCT_BUNDLE_IDENTIFIER = com.umain.hylla.tests;
				SDKROOT = iphoneos;
				TARGETED_DEVICE_FAMILY = "1,2";
				TEST_HOST = "$(BUILT_PRODUCTS_DIR)/Hylla.app/Hylla";
			};
			name = Debug;
		};
		F4D6A144F462D1B592BEA1AE /* Debug */ = {
			isa = XCBuildConfiguration;
			buildSettings = {
				ASSETCATALOG_COMPILER_APPICON_NAME = AppIcon;
				ASSETCATALOG_COMPILER_GLOBAL_ACCENT_COLOR_NAME = AccentColor;
				CODE_SIGN_IDENTITY = "iPhone Developer";
				CODE_SIGN_STYLE = Automatic;
				CURRENT_PROJECT_VERSION = 1;
				GENERATE_INFOPLIST_FILE = YES;
				INFOPLIST_FILE = Hylla/Info.plist;
				INFOPLIST_KEY_CFBundleDisplayName = Hylla;
				INFOPLIST_KEY_UIApplicationSceneManifest_Generation = YES;
				INFOPLIST_KEY_UISupportedInterfaceOrientations = "UIInterfaceOrientationPortrait UIInterfaceOrientationLandscapeLeft UIInterfaceOrientationLandscapeRight UIInterfaceOrientationPortraitUpsideDown";
				LD_RUNPATH_SEARCH_PATHS = (
					"$(inherited)",
					"@executable_path/Frameworks",
				);
				MARKETING_VERSION = 0.1.0;
				PRODUCT_BUNDLE_IDENTIFIER = com.umain.hylla;
				PRODUCT_NAME = Hylla;
				SDKROOT = iphoneos;
				TARGETED_DEVICE_FAMILY = "1,2";
			};
			name = Debug;
		};
/* End XCBuildConfiguration section */

/* Begin XCConfigurationList section */
		16F0EB9941A3B32E2503F0D2 /* Build configuration list for PBXProject "Hylla" */ = {
			isa = XCConfigurationList;
			buildConfigurations = (
				8D5CC857FD19FE9A684A03F2 /* Debug */,
				C8EB08207583197495EBCF67 /* Release */,
			);
			defaultConfigurationIsVisible = 0;
			defaultConfigurationName = Debug;
		};
		292661125E3CEBDACE8376FA /* Build configuration list for PBXNativeTarget "HyllaUITests" */ = {
			isa = XCConfigurationList;
			buildConfigurations = (
				663B4C272DE1AF38D2F6EA16 /* Debug */,
				27EFA66C0862D32D5503F93C /* Release */,
			);
			defaultConfigurationIsVisible = 0;
			defaultConfigurationName = Debug;
		};
		38B900BBEF834E6FCB9A31A5 /* Build configuration list for PBXNativeTarget "Hylla" */ = {
			isa = XCConfigurationList;
			buildConfigurations = (
				F4D6A144F462D1B592BEA1AE /* Debug */,
				895D9A46EEBEB8E255C43C81 /* Release */,
			);
			defaultConfigurationIsVisible = 0;
			defaultConfigurationName = Debug;
		};
		4AEED0CD027C5F1FB027F96F /* Build configuration list for PBXNativeTarget "HyllaTests" */ = {
			isa = XCConfigurationList;
			buildConfigurations = (
				EA4BC4BD4722D314B29EF5BB /* Debug */,
				976BF24590F815E6763023BB /* Release */,
			);
			defaultConfigurationIsVisible = 0;
			defaultConfigurationName = Debug;
		};
/* End XCConfigurationList section */
	};
	rootObject = 91482D6E0FC5DAFE393BF12D /* Project object */;
}
